
Microsoft Visual Studio Solution File, Format Version 12.00
# Visual Studio 14
VisualStudioVersion = 14.0.25420.1
MinimumVisualStudioVersion = 10.0.40219.1
Project("{FAE04EC0-301F-11D3-BF4B-00C04F79EFBC}") = "TrackMotion", "TrackMotion\TrackMotion.csproj", "{BFE9EF53-0B98-4672-9AE6-736DBDA3CCAA}"
EndProject
Global
	GlobalSection(SolutionConfigurationPlatforms) = preSolution
		Debug|Any CPU = Debug|Any CPU
		Release|Any CPU = Release|Any CPU
	EndGlobalSection
	GlobalSection(ProjectConfigurationPlatforms) = postSolution
		{BFE9EF53-0B98-4672-9AE6-736DBDA3CCAA}.Debug|Any CPU.ActiveCfg = Debug|Any CPU
		{BFE9EF53-0B98-4672-9AE6-736DBDA3CCAA}.Debug|Any CPU.Build.0 = Debug|Any CPU
		{BFE9EF53-0B98-4672-9AE6-736DBDA3CCAA}.Release|Any CPU.ActiveCfg = Release|Any CPU
		{BFE9EF53-0B98-4672-9AE6-736DBDA3CCAA}.Release|Any CPU.Build.0 = Release|Any CPU
	EndGlobalSection
	GlobalSection(SolutionProperties) = preSolution
		HideSolutionNode = FALSE
	EndGlobalSection
EndGlobal
